
Microsoft Visual Studio Solution File, Format Version 12.00
# Visual Studio Version 17
VisualStudioVersion = 17.8.34511.84
MinimumVisualStudioVersion = 10.0.40219.1
Project("{FAE04EC0-301F-11D3-BF4B-00C04F79EFBC}") = "zoo", "zoo.csproj", "{898B9F0A-4933-4C58-92CE-96C7ECFA8FF8}"
EndProject
Global
	GlobalSection(SolutionConfigurationPlatforms) = preSolution
		Debug|Any CPU = Debug|Any CPU
		Release|Any CPU = Release|Any CPU
	EndGlobalSection
	GlobalSection(ProjectConfigurationPlatforms) = postSolution
		{898B9F0A-4933-4C58-92CE-96C7ECFA8FF8}.Debug|Any CPU.ActiveCfg = Debug|Any CPU
		{898B9F0A-4933-4C58-92CE-96C7ECFA8FF8}.Debug|Any CPU.Build.0 = Debug|Any CPU
		{898B9F0A-4933-4C58-92CE-96C7ECFA8FF8}.Release|Any CPU.ActiveCfg = Release|Any CPU
		{898B9F0A-4933-4C58-92CE-96C7ECFA8FF8}.Release|Any CPU.Build.0 = Release|Any CPU
	EndGlobalSection
	GlobalSection(SolutionProperties) = preSolution
		HideSolutionNode = FALSE
	EndGlobalSection
	GlobalSection(ExtensibilityGlobals) = postSolution
		SolutionGuid = {3154EBB4-3DB8-4904-B79D-11C7DCB2729D}
	EndGlobalSection
EndGlobal
